<?xml version="1.0" encoding="utf-8"?>
<Project ToolsVersion="4.0" xmlns="http://schemas.microsoft.com/developer/msbuild/2003">
  <ItemGroup>
    <Filter Include="win32">
      <UniqueIdentifier>{84a8ebd7-7cf0-47f6-b75e-d441df67da40}</UniqueIdentifier>
    </Filter>
    <Filter Include="resource">
      <UniqueIdentifier>{715254bc-d70b-4ec5-bf29-467dd3ace079}</UniqueIdentifier>
    </Filter>
    <Filter Include="src">
      <UniqueIdentifier>{bb6c862e-70e9-49d9-81b7-3829a6f50471}</UniqueIdentifier>
    </Filter>
    <Filter Include="src\scenes">
      <UniqueIdentifier>{2d61f976-1312-4071-97e6-8f6e40007b3e}</UniqueIdentifier>
    </Filter>
    <Filter Include="src\puppeteers">
      <UniqueIdentifier>{a50840d4-1c9d-4b19-b9b2-1284a9b597a4}</UniqueIdentifier>
    </Filter>
    <Filter Include="src\physics">
      <UniqueIdentifier>{19fb3075-0332-4699-88bd-c6ba6c9c76f2}</UniqueIdentifier>
    </Filter>
    <Filter Include="src\delegate">
      <UniqueIdentifier>{24447539-c4b1-4e46-8945-c13662a04bf3}</UniqueIdentifier>
    </Filter>
    <Filter Include="src\puppets">
      <UniqueIdentifier>{6c5e484b-d712-4bd8-afac-58a2e415531c}</UniqueIdentifier>
    </Filter>
    <Filter Include="src\commands">
      <UniqueIdentifier>{705f17a5-4dd5-4ce0-b1b0-0cd4c7d5c494}</UniqueIdentifier>
    </Filter>
    <Filter Include="src\physics\engine">
      <UniqueIdentifier>{26e95d84-5326-4181-9c7a-7cd49fd411a4}</UniqueIdentifier>
    </Filter>
    <Filter Include="src\physics\listener">
      <UniqueIdentifier>{fdd7e20f-4c3b-4318-be83-33f17c3bbc78}</UniqueIdentifier>
    </Filter>
    <Filter Include="src\puppeteers\physics">
      <UniqueIdentifier>{16195869-8fa5-4a71-91f2-149d477f46ca}</UniqueIdentifier>
    </Filter>
    <Filter Include="src\puppeteers\node physics">
      <UniqueIdentifier>{029fd356-85a2-4343-afd9-846ee6231693}</UniqueIdentifier>
    </Filter>
    <Filter Include="src\puppets\terrain segment">
      <UniqueIdentifier>{aaf90311-e7d4-4e1c-94ad-f5db69d6fa6c}</UniqueIdentifier>
    </Filter>
    <Filter Include="src\puppets\terrain segment\generator">
      <UniqueIdentifier>{88c9c827-0d4d-419e-8c06-2b88ccd9b628}</UniqueIdentifier>
    </Filter>
    <Filter Include="src\puppets\car">
      <UniqueIdentifier>{952b1275-155e-4896-92cd-393cac4f5780}</UniqueIdentifier>
    </Filter>
    <Filter Include="src\scenes\car setup">
      <UniqueIdentifier>{30c17f20-3983-41ab-96ef-6cb63088b8ce}</UniqueIdentifier>
    </Filter>
    <Filter Include="src\puppets\wheel">
      <UniqueIdentifier>{de78db24-18fa-4f3c-8c6b-4cc0edc1e3f4}</UniqueIdentifier>
    </Filter>
    <Filter Include="src\puppets\speedometer">
      <UniqueIdentifier>{1d5a2f42-cc60-48ed-b1f8-b72fc3d54735}</UniqueIdentifier>
    </Filter>
    <Filter Include="src\scenes\game over">
      <UniqueIdentifier>{096c3fdb-7884-4ca9-8f81-8c2458b94634}</UniqueIdentifier>
    </Filter>
    <Filter Include="src\puppeteers\bonus">
      <UniqueIdentifier>{e6f2435f-45bd-4be4-8b0d-cb5629709c7c}</UniqueIdentifier>
    </Filter>
    <Filter Include="src\puppets\accelerator">
      <UniqueIdentifier>{42de1f48-334f-4cbb-8fa7-146e5f38fd7a}</UniqueIdentifier>
    </Filter>
    <Filter Include="src\puppets\bonus">
      <UniqueIdentifier>{9acc0651-495a-406e-9c08-99eb51c7a9f5}</UniqueIdentifier>
    </Filter>
    <Filter Include="src\puppeteers\car">
      <UniqueIdentifier>{51adcbd8-1965-4490-9a8e-0ccae37239ac}</UniqueIdentifier>
    </Filter>
    <Filter Include="src\puppets\terrain segment\ts data">
      <UniqueIdentifier>{50d8e55d-1ab3-470a-82dd-d61eba51bdeb}</UniqueIdentifier>
    </Filter>
    <Filter Include="src\puppets\car\setup">
      <UniqueIdentifier>{46ea2e80-e3c7-4a95-b7b5-c021fe4c8910}</UniqueIdentifier>
    </Filter>
    <Filter Include="src\scenes\main">
      <UniqueIdentifier>{228466b9-9869-4c64-987c-6199497b10bb}</UniqueIdentifier>
    </Filter>
    <Filter Include="src\puppets\bonus\position generator">
      <UniqueIdentifier>{213dfd2a-19bd-4726-95a6-63436f026c83}</UniqueIdentifier>
    </Filter>
    <Filter Include="src\puppets\test platform">
      <UniqueIdentifier>{4b369a6d-669c-4679-b1dc-8766f533bfd6}</UniqueIdentifier>
    </Filter>
  </ItemGroup>
  <ItemGroup>
    <ClCompile Include="main.cpp">
      <Filter>win32</Filter>
    </ClCompile>
    <ClCompile Include="..\Classes\AppDelegate.cpp">
      <Filter>src\delegate</Filter>
    </ClCompile>
    <ClCompile Include="..\Classes\TerrainCommand.cpp">
      <Filter>src\commands</Filter>
    </ClCompile>
    <ClCompile Include="..\Classes\PhysicsEngine.cpp">
      <Filter>src\physics\engine</Filter>
    </ClCompile>
    <ClCompile Include="..\Classes\PhysicsContactsListener.cpp">
      <Filter>src\physics\listener</Filter>
    </ClCompile>
    <ClCompile Include="..\Classes\PhysicsPuppeteer.cpp">
      <Filter>src\puppeteers\physics</Filter>
    </ClCompile>
    <ClCompile Include="..\Classes\NodePhysicsPuppeteer.cpp">
      <Filter>src\puppeteers\node physics</Filter>
    </ClCompile>
    <ClCompile Include="..\Classes\TerrainSegment.cpp">
      <Filter>src\puppets\terrain segment</Filter>
    </ClCompile>
    <ClCompile Include="..\Classes\GroundPuppet.cpp">
      <Filter>src\puppets\test platform</Filter>
    </ClCompile>
    <ClCompile Include="..\Classes\SurfaceGenerator.cpp">
      <Filter>src\puppets\terrain segment\generator</Filter>
    </ClCompile>
    <ClCompile Include="..\Classes\CarPuppet.cpp">
      <Filter>src\puppets\car</Filter>
    </ClCompile>
    <ClCompile Include="..\Classes\CarSetupScene.cpp">
      <Filter>src\scenes\car setup</Filter>
    </ClCompile>
    <ClCompile Include="..\Classes\WheelPuppet.cpp">
      <Filter>src\puppets\wheel</Filter>
    </ClCompile>
    <ClCompile Include="..\Classes\Speedometer.cpp">
      <Filter>src\puppets\speedometer</Filter>
    </ClCompile>
    <ClCompile Include="..\Classes\GameOverScene.cpp">
      <Filter>src\scenes\game over</Filter>
    </ClCompile>
    <ClCompile Include="..\Classes\BonusPuppeteer.cpp">
      <Filter>src\puppeteers\bonus</Filter>
    </ClCompile>
    <ClCompile Include="..\Classes\Accelerator.cpp">
      <Filter>src\puppets\accelerator</Filter>
    </ClCompile>
    <ClCompile Include="..\Classes\BonusPuppet.cpp">
      <Filter>src\puppets\bonus</Filter>
    </ClCompile>
    <ClCompile Include="..\Classes\CarPuppeteer.cpp">
      <Filter>src\puppeteers\car</Filter>
    </ClCompile>
    <ClCompile Include="..\Classes\TerrainSegmentData.cpp">
      <Filter>src\puppets\terrain segment\ts data</Filter>
    </ClCompile>
    <ClCompile Include="..\Classes\CarSetup.cpp">
      <Filter>src\puppets\car\setup</Filter>
    </ClCompile>
    <ClCompile Include="..\Classes\MainScene.cpp">
      <Filter>src\scenes\main</Filter>
    </ClCompile>
    <ClCompile Include="..\Classes\BonusPositionGenerator.cpp">
      <Filter>src\puppets\bonus\position generator</Filter>
    </ClCompile>
  </ItemGroup>
  <ItemGroup>
    <ClInclude Include="main.h">
      <Filter>win32</Filter>
    </ClInclude>
    <ClInclude Include="..\Classes\AppDelegate.h">
      <Filter>src\delegate</Filter>
    </ClInclude>
    <ClInclude Include="..\Classes\TerrainCommand.h">
      <Filter>src\commands</Filter>
    </ClInclude>
    <ClInclude Include="..\Classes\PhysicsEngine.h">
      <Filter>src\physics\engine</Filter>
    </ClInclude>
    <ClInclude Include="..\Classes\PhysicsContactsListener.h">
      <Filter>src\physics\listener</Filter>
    </ClInclude>
    <ClInclude Include="..\Classes\SceneObjectPuppeteers.h">
      <Filter>src\puppeteers</Filter>
    </ClInclude>
    <ClInclude Include="..\Classes\PhysicsPuppeteer.h">
      <Filter>src\puppeteers\physics</Filter>
    </ClInclude>
    <ClInclude Include="..\Classes\NodePhysicsPuppeteer.h">
      <Filter>src\puppeteers\node physics</Filter>
    </ClInclude>
    <ClInclude Include="..\Classes\Pointer.h">
      <Filter>src</Filter>
    </ClInclude>
    <ClInclude Include="..\Classes\TerrainSegment.h">
      <Filter>src\puppets\terrain segment</Filter>
    </ClInclude>
    <ClInclude Include="..\Classes\SceneObjectPuppet.h">
      <Filter>src\puppets</Filter>
    </ClInclude>
    <ClInclude Include="..\Classes\GroundPuppet.h">
      <Filter>src\puppets\test platform</Filter>
    </ClInclude>
    <ClInclude Include="..\Classes\SurfaceGenerator.h">
      <Filter>src\puppets\terrain segment\generator</Filter>
    </ClInclude>
    <ClInclude Include="..\Classes\CarPuppet.h">
      <Filter>src\puppets\car</Filter>
    </ClInclude>
    <ClInclude Include="..\Classes\CarSetupScene.h">
      <Filter>src\scenes\car setup</Filter>
    </ClInclude>
    <ClInclude Include="..\Classes\WheelPuppet.h">
      <Filter>src\puppets\wheel</Filter>
    </ClInclude>
    <ClInclude Include="..\Classes\Speedometer.h">
      <Filter>src\puppets\speedometer</Filter>
    </ClInclude>
    <ClInclude Include="..\Classes\GameOverScene.h">
      <Filter>src\scenes\game over</Filter>
    </ClInclude>
    <ClInclude Include="..\Classes\BonusPuppeteer.h">
      <Filter>src\puppeteers\bonus</Filter>
    </ClInclude>
    <ClInclude Include="..\Classes\Accelerator.h">
      <Filter>src\puppets\accelerator</Filter>
    </ClInclude>
    <ClInclude Include="..\Classes\BonusPuppet.h">
      <Filter>src\puppets\bonus</Filter>
    </ClInclude>
    <ClInclude Include="..\Classes\CarPuppeteer.h">
      <Filter>src\puppeteers\car</Filter>
    </ClInclude>
    <ClInclude Include="..\Classes\TerrainSegmentData.h">
      <Filter>src\puppets\terrain segment\ts data</Filter>
    </ClInclude>
    <ClInclude Include="..\Classes\CarSetup.h">
      <Filter>src\puppets\car\setup</Filter>
    </ClInclude>
    <ClInclude Include="..\Classes\MainScene.h">
      <Filter>src\scenes\main</Filter>
    </ClInclude>
    <ClInclude Include="..\Classes\BonusPositionGenerator.h">
      <Filter>src\puppets\bonus\position generator</Filter>
    </ClInclude>
  </ItemGroup>
  <ItemGroup>
    <ResourceCompile Include="game.rc">
      <Filter>resource</Filter>
    </ResourceCompile>
  </ItemGroup>
  <ItemGroup>
    <None Include="ClassDiagram.cd" />
  </ItemGroup>
</Project>